
Microsoft Visual Studio Solution File, Format Version 12.00
# Visual Studio 15
VisualStudioVersion = 15.0.28307.489
MinimumVisualStudioVersion = 10.0.40219.1
Project("{FAE04EC0-301F-11D3-BF4B-00C04F79EFBC}") = "StudentsCoursesManager", "StudentsCoursesManager.csproj", "{372241AD-D8A7-4DF5-83AF-036543C92513}"
EndProject
Project("{FAE04EC0-301F-11D3-BF4B-00C04F79EFBC}") = "StudentCoursesManager.Tests", "..\StudentCoursesManager.Tests\StudentCoursesManager.Tests.csproj", "{5377DAB1-0D0F-48A1-9463-D19C1D759EC8}"
EndProject
Global
	GlobalSection(SolutionConfigurationPlatforms) = preSolution
		Debug|Any CPU = Debug|Any CPU
		Release|Any CPU = Release|Any CPU
	EndGlobalSection
	GlobalSection(ProjectConfigurationPlatforms) = postSolution
		{372241AD-D8A7-4DF5-83AF-036543C92513}.Debug|Any CPU.ActiveCfg = Debug|Any CPU
		{372241AD-D8A7-4DF5-83AF-036543C92513}.Debug|Any CPU.Build.0 = Debug|Any CPU
		{372241AD-D8A7-4DF5-83AF-036543C92513}.Release|Any CPU.ActiveCfg = Release|Any CPU
		{372241AD-D8A7-4DF5-83AF-036543C92513}.Release|Any CPU.Build.0 = Release|Any CPU
		{5377DAB1-0D0F-48A1-9463-D19C1D759EC8}.Debug|Any CPU.ActiveCfg = Debug|Any CPU
		{5377DAB1-0D0F-48A1-9463-D19C1D759EC8}.Debug|Any CPU.Build.0 = Debug|Any CPU
		{5377DAB1-0D0F-48A1-9463-D19C1D759EC8}.Release|Any CPU.ActiveCfg = Release|Any CPU
		{5377DAB1-0D0F-48A1-9463-D19C1D759EC8}.Release|Any CPU.Build.0 = Release|Any CPU
	EndGlobalSection
	GlobalSection(SolutionProperties) = preSolution
		HideSolutionNode = FALSE
	EndGlobalSection
	GlobalSection(ExtensibilityGlobals) = postSolution
		SolutionGuid = {9447CB5B-A224-4682-AD41-F396B00A6ABF}
	EndGlobalSection
EndGlobal
